
Microsoft Visual Studio Solution File, Format Version 12.00
# Visual Studio Version 16
VisualStudioVersion = 16.0.29709.97
MinimumVisualStudioVersion = 10.0.40219.1
Project("{FAE04EC0-301F-11D3-BF4B-00C04F79EFBC}") = "Task3_Vala_48207", "Task3_Vala_48207\Task3_Vala_48207.csproj", "{C44F4ADD-04C3-4F31-BADD-63B4A6B1874E}"
EndProject
Project("{2150E333-8FDC-42A3-9474-1A3956D46DE8}") = "Solution Items", "Solution Items", "{2E41D47B-6B3E-42AA-9468-023092430355}"
	ProjectSection(SolutionItems) = preProject
		.editorconfig = .editorconfig
	EndProjectSection
EndProject
Global
	GlobalSection(SolutionConfigurationPlatforms) = preSolution
		Debug|Any CPU = Debug|Any CPU
		Release|Any CPU = Release|Any CPU
	EndGlobalSection
	GlobalSection(ProjectConfigurationPlatforms) = postSolution
		{C44F4ADD-04C3-4F31-BADD-63B4A6B1874E}.Debug|Any CPU.ActiveCfg = Debug|Any CPU
		{C44F4ADD-04C3-4F31-BADD-63B4A6B1874E}.Debug|Any CPU.Build.0 = Debug|Any CPU
		{C44F4ADD-04C3-4F31-BADD-63B4A6B1874E}.Release|Any CPU.ActiveCfg = Release|Any CPU
		{C44F4ADD-04C3-4F31-BADD-63B4A6B1874E}.Release|Any CPU.Build.0 = Release|Any CPU
	EndGlobalSection
	GlobalSection(SolutionProperties) = preSolution
		HideSolutionNode = FALSE
	EndGlobalSection
	GlobalSection(ExtensibilityGlobals) = postSolution
		SolutionGuid = {7E54141B-DEA9-478A-84B8-544DFFD2C981}
	EndGlobalSection
EndGlobal
